
Microsoft Visual Studio Solution File, Format Version 12.00
# Visual Studio Version 17
VisualStudioVersion = 17.12.35506.116
MinimumVisualStudioVersion = 10.0.40219.1
Project("{2150E333-8FDC-42A3-9474-1A3956D46DE8}") = "src", "src", "{D7DB361B-1D95-4C86-BEE8-488F4D5AC8BE}"
EndProject
Project("{FAE04EC0-301F-11D3-BF4B-00C04F79EFBC}") = "Companies.API", "Companies.API\Companies.API.csproj", "{84BB00E5-2FEA-4F9A-B154-847AC9FD0056}"
EndProject
Project("{FAE04EC0-301F-11D3-BF4B-00C04F79EFBC}") = "Companies.Shared", "Companies.Shared\Companies.Shared.csproj", "{4713AB08-84B2-4A0C-8B0E-0EBD5B6B5B0B}"
EndProject
Project("{FAE04EC0-301F-11D3-BF4B-00C04F79EFBC}") = "Domain.Models", "Domain.Models\Domain.Models.csproj", "{1892CCF8-6EB7-4C4A-8D2A-5E07747FD079}"
EndProject
Project("{FAE04EC0-301F-11D3-BF4B-00C04F79EFBC}") = "Companies.Infrastructure", "Companies.Infrastructure\Companies.Infrastructure.csproj", "{742717CC-A94C-4735-B6C5-08A61C5E05A8}"
EndProject
Project("{FAE04EC0-301F-11D3-BF4B-00C04F79EFBC}") = "Domain.Contracts", "Domain.Contracts\Domain.Contracts.csproj", "{CDD1C968-70A0-4734-BD3D-BCF45C649526}"
EndProject
Project("{FAE04EC0-301F-11D3-BF4B-00C04F79EFBC}") = "Companies.Services", "Companies.Services\Companies.Services.csproj", "{3CA67A99-1554-4C5D-B947-806029845212}"
EndProject
Project("{FAE04EC0-301F-11D3-BF4B-00C04F79EFBC}") = "Services.Contracts", "Services.Contracts\Services.Contracts.csproj", "{30E9829A-F0CF-48F1-9682-EADC74F6E52B}"
EndProject
Project("{FAE04EC0-301F-11D3-BF4B-00C04F79EFBC}") = "Companies.Presemtation", "Companies.Presemtation\Companies.Presemtation.csproj", "{686F3DAD-971C-49D3-B58E-732FFAEAB506}"
EndProject
Project("{2150E333-8FDC-42A3-9474-1A3956D46DE8}") = "tests", "tests", "{168C19CC-0854-4FEF-A526-E68DF5862708}"
EndProject
Project("{FAE04EC0-301F-11D3-BF4B-00C04F79EFBC}") = "Controller.Tests", "Controller.Tests\Controller.Tests.csproj", "{2B746603-9634-4C0B-8E58-B3E6DA38F8F9}"
EndProject
Project("{FAE04EC0-301F-11D3-BF4B-00C04F79EFBC}") = "IntegrationTests", "..\..\Temp\CompaniesBeforeTest\IntegrationTests\IntegrationTests.csproj", "{D7220DFC-B612-4ED2-B7AF-6F5D628AE111}"
EndProject
Project("{FAE04EC0-301F-11D3-BF4B-00C04F79EFBC}") = "TestWithBasicAuth", "..\TestWithBasicAuth\TestWithBasicAuth\TestWithBasicAuth.csproj", "{A462201D-6CF1-48C9-9CFF-16B89905A668}"
EndProject
Project("{FAE04EC0-301F-11D3-BF4B-00C04F79EFBC}") = "SharedLibrary", "..\SharedLibrary\SharedLibrary.csproj", "{B753C9A7-6CB9-4E38-990A-94C8172301D6}"
EndProject
Global
	GlobalSection(SolutionConfigurationPlatforms) = preSolution
		Debug|Any CPU = Debug|Any CPU
		Release|Any CPU = Release|Any CPU
	EndGlobalSection
	GlobalSection(ProjectConfigurationPlatforms) = postSolution
		{84BB00E5-2FEA-4F9A-B154-847AC9FD0056}.Debug|Any CPU.ActiveCfg = Debug|Any CPU
		{84BB00E5-2FEA-4F9A-B154-847AC9FD0056}.Debug|Any CPU.Build.0 = Debug|Any CPU
		{84BB00E5-2FEA-4F9A-B154-847AC9FD0056}.Release|Any CPU.ActiveCfg = Release|Any CPU
		{84BB00E5-2FEA-4F9A-B154-847AC9FD0056}.Release|Any CPU.Build.0 = Release|Any CPU
		{4713AB08-84B2-4A0C-8B0E-0EBD5B6B5B0B}.Debug|Any CPU.ActiveCfg = Debug|Any CPU
		{4713AB08-84B2-4A0C-8B0E-0EBD5B6B5B0B}.Debug|Any CPU.Build.0 = Debug|Any CPU
		{4713AB08-84B2-4A0C-8B0E-0EBD5B6B5B0B}.Release|Any CPU.ActiveCfg = Release|Any CPU
		{4713AB08-84B2-4A0C-8B0E-0EBD5B6B5B0B}.Release|Any CPU.Build.0 = Release|Any CPU
		{1892CCF8-6EB7-4C4A-8D2A-5E07747FD079}.Debug|Any CPU.ActiveCfg = Debug|Any CPU
		{1892CCF8-6EB7-4C4A-8D2A-5E07747FD079}.Debug|Any CPU.Build.0 = Debug|Any CPU
		{1892CCF8-6EB7-4C4A-8D2A-5E07747FD079}.Release|Any CPU.ActiveCfg = Release|Any CPU
		{1892CCF8-6EB7-4C4A-8D2A-5E07747FD079}.Release|Any CPU.Build.0 = Release|Any CPU
		{742717CC-A94C-4735-B6C5-08A61C5E05A8}.Debug|Any CPU.ActiveCfg = Debug|Any CPU
		{742717CC-A94C-4735-B6C5-08A61C5E05A8}.Debug|Any CPU.Build.0 = Debug|Any CPU
		{742717CC-A94C-4735-B6C5-08A61C5E05A8}.Release|Any CPU.ActiveCfg = Release|Any CPU
		{742717CC-A94C-4735-B6C5-08A61C5E05A8}.Release|Any CPU.Build.0 = Release|Any CPU
		{CDD1C968-70A0-4734-BD3D-BCF45C649526}.Debug|Any CPU.ActiveCfg = Debug|Any CPU
		{CDD1C968-70A0-4734-BD3D-BCF45C649526}.Debug|Any CPU.Build.0 = Debug|Any CPU
		{CDD1C968-70A0-4734-BD3D-BCF45C649526}.Release|Any CPU.ActiveCfg = Release|Any CPU
		{CDD1C968-70A0-4734-BD3D-BCF45C649526}.Release|Any CPU.Build.0 = Release|Any CPU
		{3CA67A99-1554-4C5D-B947-806029845212}.Debug|Any CPU.ActiveCfg = Debug|Any CPU
		{3CA67A99-1554-4C5D-B947-806029845212}.Debug|Any CPU.Build.0 = Debug|Any CPU
		{3CA67A99-1554-4C5D-B947-806029845212}.Release|Any CPU.ActiveCfg = Release|Any CPU
		{3CA67A99-1554-4C5D-B947-806029845212}.Release|Any CPU.Build.0 = Release|Any CPU
		{30E9829A-F0CF-48F1-9682-EADC74F6E52B}.Debug|Any CPU.ActiveCfg = Debug|Any CPU
		{30E9829A-F0CF-48F1-9682-EADC74F6E52B}.Debug|Any CPU.Build.0 = Debug|Any CPU
		{30E9829A-F0CF-48F1-9682-EADC74F6E52B}.Release|Any CPU.ActiveCfg = Release|Any CPU
		{30E9829A-F0CF-48F1-9682-EADC74F6E52B}.Release|Any CPU.Build.0 = Release|Any CPU
		{686F3DAD-971C-49D3-B58E-732FFAEAB506}.Debug|Any CPU.ActiveCfg = Debug|Any CPU
		{686F3DAD-971C-49D3-B58E-732FFAEAB506}.Debug|Any CPU.Build.0 = Debug|Any CPU
		{686F3DAD-971C-49D3-B58E-732FFAEAB506}.Release|Any CPU.ActiveCfg = Release|Any CPU
		{686F3DAD-971C-49D3-B58E-732FFAEAB506}.Release|Any CPU.Build.0 = Release|Any CPU
		{2B746603-9634-4C0B-8E58-B3E6DA38F8F9}.Debug|Any CPU.ActiveCfg = Debug|Any CPU
		{2B746603-9634-4C0B-8E58-B3E6DA38F8F9}.Debug|Any CPU.Build.0 = Debug|Any CPU
		{2B746603-9634-4C0B-8E58-B3E6DA38F8F9}.Release|Any CPU.ActiveCfg = Release|Any CPU
		{2B746603-9634-4C0B-8E58-B3E6DA38F8F9}.Release|Any CPU.Build.0 = Release|Any CPU
		{D7220DFC-B612-4ED2-B7AF-6F5D628AE111}.Debug|Any CPU.ActiveCfg = Debug|Any CPU
		{D7220DFC-B612-4ED2-B7AF-6F5D628AE111}.Debug|Any CPU.Build.0 = Debug|Any CPU
		{D7220DFC-B612-4ED2-B7AF-6F5D628AE111}.Release|Any CPU.ActiveCfg = Release|Any CPU
		{D7220DFC-B612-4ED2-B7AF-6F5D628AE111}.Release|Any CPU.Build.0 = Release|Any CPU
		{A462201D-6CF1-48C9-9CFF-16B89905A668}.Debug|Any CPU.ActiveCfg = Debug|Any CPU
		{A462201D-6CF1-48C9-9CFF-16B89905A668}.Debug|Any CPU.Build.0 = Debug|Any CPU
		{A462201D-6CF1-48C9-9CFF-16B89905A668}.Release|Any CPU.ActiveCfg = Release|Any CPU
		{A462201D-6CF1-48C9-9CFF-16B89905A668}.Release|Any CPU.Build.0 = Release|Any CPU
		{B753C9A7-6CB9-4E38-990A-94C8172301D6}.Debug|Any CPU.ActiveCfg = Debug|Any CPU
		{B753C9A7-6CB9-4E38-990A-94C8172301D6}.Debug|Any CPU.Build.0 = Debug|Any CPU
		{B753C9A7-6CB9-4E38-990A-94C8172301D6}.Release|Any CPU.ActiveCfg = Release|Any CPU
		{B753C9A7-6CB9-4E38-990A-94C8172301D6}.Release|Any CPU.Build.0 = Release|Any CPU
	EndGlobalSection
	GlobalSection(SolutionProperties) = preSolution
		HideSolutionNode = FALSE
	EndGlobalSection
	GlobalSection(NestedProjects) = preSolution
		{84BB00E5-2FEA-4F9A-B154-847AC9FD0056} = {D7DB361B-1D95-4C86-BEE8-488F4D5AC8BE}
		{4713AB08-84B2-4A0C-8B0E-0EBD5B6B5B0B} = {D7DB361B-1D95-4C86-BEE8-488F4D5AC8BE}
		{1892CCF8-6EB7-4C4A-8D2A-5E07747FD079} = {D7DB361B-1D95-4C86-BEE8-488F4D5AC8BE}
		{742717CC-A94C-4735-B6C5-08A61C5E05A8} = {D7DB361B-1D95-4C86-BEE8-488F4D5AC8BE}
		{CDD1C968-70A0-4734-BD3D-BCF45C649526} = {D7DB361B-1D95-4C86-BEE8-488F4D5AC8BE}
		{3CA67A99-1554-4C5D-B947-806029845212} = {D7DB361B-1D95-4C86-BEE8-488F4D5AC8BE}
		{30E9829A-F0CF-48F1-9682-EADC74F6E52B} = {D7DB361B-1D95-4C86-BEE8-488F4D5AC8BE}
		{686F3DAD-971C-49D3-B58E-732FFAEAB506} = {D7DB361B-1D95-4C86-BEE8-488F4D5AC8BE}
		{2B746603-9634-4C0B-8E58-B3E6DA38F8F9} = {168C19CC-0854-4FEF-A526-E68DF5862708}
		{D7220DFC-B612-4ED2-B7AF-6F5D628AE111} = {168C19CC-0854-4FEF-A526-E68DF5862708}
	EndGlobalSection
EndGlobal
